
Microsoft Visual Studio Solution File, Format Version 12.00
# Visual Studio Version 17
VisualStudioVersion = 17.9.34728.123
MinimumVisualStudioVersion = 10.0.40219.1
Project("{9A19103F-16F7-4668-BE54-9A1E7A4F7556}") = "LabWork35", "LabWork35\LabWork35.csproj", "{BECC779A-C51D-444B-A146-4213D264F3DF}"
EndProject
Project("{FAE04EC0-301F-11D3-BF4B-00C04F79EFBC}") = "Task4", "Task4\Task4.csproj", "{49D1A3BC-89BF-4B5A-9C2D-280C3D361817}"
EndProject
Global
	GlobalSection(SolutionConfigurationPlatforms) = preSolution
		Debug|Any CPU = Debug|Any CPU
		Release|Any CPU = Release|Any CPU
	EndGlobalSection
	GlobalSection(ProjectConfigurationPlatforms) = postSolution
		{BECC779A-C51D-444B-A146-4213D264F3DF}.Debug|Any CPU.ActiveCfg = Debug|Any CPU
		{BECC779A-C51D-444B-A146-4213D264F3DF}.Debug|Any CPU.Build.0 = Debug|Any CPU
		{BECC779A-C51D-444B-A146-4213D264F3DF}.Release|Any CPU.ActiveCfg = Release|Any CPU
		{BECC779A-C51D-444B-A146-4213D264F3DF}.Release|Any CPU.Build.0 = Release|Any CPU
		{49D1A3BC-89BF-4B5A-9C2D-280C3D361817}.Debug|Any CPU.ActiveCfg = Debug|Any CPU
		{49D1A3BC-89BF-4B5A-9C2D-280C3D361817}.Debug|Any CPU.Build.0 = Debug|Any CPU
		{49D1A3BC-89BF-4B5A-9C2D-280C3D361817}.Release|Any CPU.ActiveCfg = Release|Any CPU
		{49D1A3BC-89BF-4B5A-9C2D-280C3D361817}.Release|Any CPU.Build.0 = Release|Any CPU
	EndGlobalSection
	GlobalSection(SolutionProperties) = preSolution
		HideSolutionNode = FALSE
	EndGlobalSection
	GlobalSection(ExtensibilityGlobals) = postSolution
		SolutionGuid = {7FE451C8-DDD8-49F5-9A78-2AB081C26413}
	EndGlobalSection
EndGlobal
