
Microsoft Visual Studio Solution File, Format Version 12.00
# Visual Studio Version 17
VisualStudioVersion = 17.9.34728.123
MinimumVisualStudioVersion = 10.0.40219.1
Project("{FAE04EC0-301F-11D3-BF4B-00C04F79EFBC}") = "LabWork32", "LabWork32\LabWork32.csproj", "{B4FA699B-17B3-4432-8F16-611196264C41}"
EndProject
Project("{FAE04EC0-301F-11D3-BF4B-00C04F79EFBC}") = "Task2", "Task2\Task2.csproj", "{B3C87A5E-89B7-4B4B-A6F2-5A96253DEA73}"
EndProject
Project("{FAE04EC0-301F-11D3-BF4B-00C04F79EFBC}") = "Task3", "Task3\Task3.csproj", "{3CE45252-02A3-47AC-9A84-0AE4039000D5}"
EndProject
Global
	GlobalSection(SolutionConfigurationPlatforms) = preSolution
		Debug|Any CPU = Debug|Any CPU
		Release|Any CPU = Release|Any CPU
	EndGlobalSection
	GlobalSection(ProjectConfigurationPlatforms) = postSolution
		{B4FA699B-17B3-4432-8F16-611196264C41}.Debug|Any CPU.ActiveCfg = Debug|Any CPU
		{B4FA699B-17B3-4432-8F16-611196264C41}.Debug|Any CPU.Build.0 = Debug|Any CPU
		{B4FA699B-17B3-4432-8F16-611196264C41}.Release|Any CPU.ActiveCfg = Release|Any CPU
		{B4FA699B-17B3-4432-8F16-611196264C41}.Release|Any CPU.Build.0 = Release|Any CPU
		{B3C87A5E-89B7-4B4B-A6F2-5A96253DEA73}.Debug|Any CPU.ActiveCfg = Debug|Any CPU
		{B3C87A5E-89B7-4B4B-A6F2-5A96253DEA73}.Debug|Any CPU.Build.0 = Debug|Any CPU
		{B3C87A5E-89B7-4B4B-A6F2-5A96253DEA73}.Release|Any CPU.ActiveCfg = Release|Any CPU
		{B3C87A5E-89B7-4B4B-A6F2-5A96253DEA73}.Release|Any CPU.Build.0 = Release|Any CPU
		{3CE45252-02A3-47AC-9A84-0AE4039000D5}.Debug|Any CPU.ActiveCfg = Debug|Any CPU
		{3CE45252-02A3-47AC-9A84-0AE4039000D5}.Debug|Any CPU.Build.0 = Debug|Any CPU
		{3CE45252-02A3-47AC-9A84-0AE4039000D5}.Release|Any CPU.ActiveCfg = Release|Any CPU
		{3CE45252-02A3-47AC-9A84-0AE4039000D5}.Release|Any CPU.Build.0 = Release|Any CPU
	EndGlobalSection
	GlobalSection(SolutionProperties) = preSolution
		HideSolutionNode = FALSE
	EndGlobalSection
	GlobalSection(ExtensibilityGlobals) = postSolution
		SolutionGuid = {6A785EE6-7668-4FC8-AAE0-1CEB130085D7}
	EndGlobalSection
EndGlobal
