
Microsoft Visual Studio Solution File, Format Version 12.00
# Visual Studio Version 17
VisualStudioVersion = 17.9.34616.47
MinimumVisualStudioVersion = 10.0.40219.1
Project("{FAE04EC0-301F-11D3-BF4B-00C04F79EFBC}") = "Task1", "LabWork22\Task1.csproj", "{02691B5A-A2C3-4FB4-A610-3A096D67A635}"
EndProject
Project("{FAE04EC0-301F-11D3-BF4B-00C04F79EFBC}") = "Task2", "Task2\Task2.csproj", "{3727B91A-4CC4-44BF-925A-26C9FB4D321B}"
EndProject
Global
	GlobalSection(SolutionConfigurationPlatforms) = preSolution
		Debug|Any CPU = Debug|Any CPU
		Release|Any CPU = Release|Any CPU
	EndGlobalSection
	GlobalSection(ProjectConfigurationPlatforms) = postSolution
		{02691B5A-A2C3-4FB4-A610-3A096D67A635}.Debug|Any CPU.ActiveCfg = Debug|Any CPU
		{02691B5A-A2C3-4FB4-A610-3A096D67A635}.Debug|Any CPU.Build.0 = Debug|Any CPU
		{02691B5A-A2C3-4FB4-A610-3A096D67A635}.Release|Any CPU.ActiveCfg = Release|Any CPU
		{02691B5A-A2C3-4FB4-A610-3A096D67A635}.Release|Any CPU.Build.0 = Release|Any CPU
		{3727B91A-4CC4-44BF-925A-26C9FB4D321B}.Debug|Any CPU.ActiveCfg = Debug|Any CPU
		{3727B91A-4CC4-44BF-925A-26C9FB4D321B}.Debug|Any CPU.Build.0 = Debug|Any CPU
		{3727B91A-4CC4-44BF-925A-26C9FB4D321B}.Release|Any CPU.ActiveCfg = Release|Any CPU
		{3727B91A-4CC4-44BF-925A-26C9FB4D321B}.Release|Any CPU.Build.0 = Release|Any CPU
	EndGlobalSection
	GlobalSection(SolutionProperties) = preSolution
		HideSolutionNode = FALSE
	EndGlobalSection
	GlobalSection(ExtensibilityGlobals) = postSolution
		SolutionGuid = {F611510E-844B-4D0B-89EA-11798C024C3A}
	EndGlobalSection
EndGlobal
